
Microsoft Visual Studio Solution File, Format Version 12.00
# Visual Studio 15
VisualStudioVersion = 15.0.26124.0
MinimumVisualStudioVersion = 15.0.26124.0
Project("{FAE04EC0-301F-11D3-BF4B-00C04F79EFBC}") = "Domain", "Domain\Domain.csproj", "{6C9291EF-A9CF-4441-B017-CE5A3D1E4E6E}"
EndProject
Project("{FAE04EC0-301F-11D3-BF4B-00C04F79EFBC}") = "Application", "Application\Application.csproj", "{FE10DB43-95CD-481D-8531-2D32E300C4B0}"
EndProject
Project("{FAE04EC0-301F-11D3-BF4B-00C04F79EFBC}") = "Persistence", "Persistence\Persistence.csproj", "{F66F56FB-11CC-401C-9C16-7043A905318B}"
EndProject
Project("{FAE04EC0-301F-11D3-BF4B-00C04F79EFBC}") = "API", "API\API.csproj", "{C143A123-44D4-4BC5-A18F-641C6193C0E1}"
EndProject
Global
	GlobalSection(SolutionConfigurationPlatforms) = preSolution
		Debug|Any CPU = Debug|Any CPU
		Debug|x64 = Debug|x64
		Debug|x86 = Debug|x86
		Release|Any CPU = Release|Any CPU
		Release|x64 = Release|x64
		Release|x86 = Release|x86
	EndGlobalSection
	GlobalSection(SolutionProperties) = preSolution
		HideSolutionNode = FALSE
	EndGlobalSection
	GlobalSection(ProjectConfigurationPlatforms) = postSolution
		{6C9291EF-A9CF-4441-B017-CE5A3D1E4E6E}.Debug|Any CPU.ActiveCfg = Debug|Any CPU
		{6C9291EF-A9CF-4441-B017-CE5A3D1E4E6E}.Debug|Any CPU.Build.0 = Debug|Any CPU
		{6C9291EF-A9CF-4441-B017-CE5A3D1E4E6E}.Debug|x64.ActiveCfg = Debug|Any CPU
		{6C9291EF-A9CF-4441-B017-CE5A3D1E4E6E}.Debug|x64.Build.0 = Debug|Any CPU
		{6C9291EF-A9CF-4441-B017-CE5A3D1E4E6E}.Debug|x86.ActiveCfg = Debug|Any CPU
		{6C9291EF-A9CF-4441-B017-CE5A3D1E4E6E}.Debug|x86.Build.0 = Debug|Any CPU
		{6C9291EF-A9CF-4441-B017-CE5A3D1E4E6E}.Release|Any CPU.ActiveCfg = Release|Any CPU
		{6C9291EF-A9CF-4441-B017-CE5A3D1E4E6E}.Release|Any CPU.Build.0 = Release|Any CPU
		{6C9291EF-A9CF-4441-B017-CE5A3D1E4E6E}.Release|x64.ActiveCfg = Release|Any CPU
		{6C9291EF-A9CF-4441-B017-CE5A3D1E4E6E}.Release|x64.Build.0 = Release|Any CPU
		{6C9291EF-A9CF-4441-B017-CE5A3D1E4E6E}.Release|x86.ActiveCfg = Release|Any CPU
		{6C9291EF-A9CF-4441-B017-CE5A3D1E4E6E}.Release|x86.Build.0 = Release|Any CPU
		{FE10DB43-95CD-481D-8531-2D32E300C4B0}.Debug|Any CPU.ActiveCfg = Debug|Any CPU
		{FE10DB43-95CD-481D-8531-2D32E300C4B0}.Debug|Any CPU.Build.0 = Debug|Any CPU
		{FE10DB43-95CD-481D-8531-2D32E300C4B0}.Debug|x64.ActiveCfg = Debug|Any CPU
		{FE10DB43-95CD-481D-8531-2D32E300C4B0}.Debug|x64.Build.0 = Debug|Any CPU
		{FE10DB43-95CD-481D-8531-2D32E300C4B0}.Debug|x86.ActiveCfg = Debug|Any CPU
		{FE10DB43-95CD-481D-8531-2D32E300C4B0}.Debug|x86.Build.0 = Debug|Any CPU
		{FE10DB43-95CD-481D-8531-2D32E300C4B0}.Release|Any CPU.ActiveCfg = Release|Any CPU
		{FE10DB43-95CD-481D-8531-2D32E300C4B0}.Release|Any CPU.Build.0 = Release|Any CPU
		{FE10DB43-95CD-481D-8531-2D32E300C4B0}.Release|x64.ActiveCfg = Release|Any CPU
		{FE10DB43-95CD-481D-8531-2D32E300C4B0}.Release|x64.Build.0 = Release|Any CPU
		{FE10DB43-95CD-481D-8531-2D32E300C4B0}.Release|x86.ActiveCfg = Release|Any CPU
		{FE10DB43-95CD-481D-8531-2D32E300C4B0}.Release|x86.Build.0 = Release|Any CPU
		{F66F56FB-11CC-401C-9C16-7043A905318B}.Debug|Any CPU.ActiveCfg = Debug|Any CPU
		{F66F56FB-11CC-401C-9C16-7043A905318B}.Debug|Any CPU.Build.0 = Debug|Any CPU
		{F66F56FB-11CC-401C-9C16-7043A905318B}.Debug|x64.ActiveCfg = Debug|Any CPU
		{F66F56FB-11CC-401C-9C16-7043A905318B}.Debug|x64.Build.0 = Debug|Any CPU
		{F66F56FB-11CC-401C-9C16-7043A905318B}.Debug|x86.ActiveCfg = Debug|Any CPU
		{F66F56FB-11CC-401C-9C16-7043A905318B}.Debug|x86.Build.0 = Debug|Any CPU
		{F66F56FB-11CC-401C-9C16-7043A905318B}.Release|Any CPU.ActiveCfg = Release|Any CPU
		{F66F56FB-11CC-401C-9C16-7043A905318B}.Release|Any CPU.Build.0 = Release|Any CPU
		{F66F56FB-11CC-401C-9C16-7043A905318B}.Release|x64.ActiveCfg = Release|Any CPU
		{F66F56FB-11CC-401C-9C16-7043A905318B}.Release|x64.Build.0 = Release|Any CPU
		{F66F56FB-11CC-401C-9C16-7043A905318B}.Release|x86.ActiveCfg = Release|Any CPU
		{F66F56FB-11CC-401C-9C16-7043A905318B}.Release|x86.Build.0 = Release|Any CPU
		{C143A123-44D4-4BC5-A18F-641C6193C0E1}.Debug|Any CPU.ActiveCfg = Debug|Any CPU
		{C143A123-44D4-4BC5-A18F-641C6193C0E1}.Debug|Any CPU.Build.0 = Debug|Any CPU
		{C143A123-44D4-4BC5-A18F-641C6193C0E1}.Debug|x64.ActiveCfg = Debug|Any CPU
		{C143A123-44D4-4BC5-A18F-641C6193C0E1}.Debug|x64.Build.0 = Debug|Any CPU
		{C143A123-44D4-4BC5-A18F-641C6193C0E1}.Debug|x86.ActiveCfg = Debug|Any CPU
		{C143A123-44D4-4BC5-A18F-641C6193C0E1}.Debug|x86.Build.0 = Debug|Any CPU
		{C143A123-44D4-4BC5-A18F-641C6193C0E1}.Release|Any CPU.ActiveCfg = Release|Any CPU
		{C143A123-44D4-4BC5-A18F-641C6193C0E1}.Release|Any CPU.Build.0 = Release|Any CPU
		{C143A123-44D4-4BC5-A18F-641C6193C0E1}.Release|x64.ActiveCfg = Release|Any CPU
		{C143A123-44D4-4BC5-A18F-641C6193C0E1}.Release|x64.Build.0 = Release|Any CPU
		{C143A123-44D4-4BC5-A18F-641C6193C0E1}.Release|x86.ActiveCfg = Release|Any CPU
		{C143A123-44D4-4BC5-A18F-641C6193C0E1}.Release|x86.Build.0 = Release|Any CPU
	EndGlobalSection
EndGlobal
